// !$*UTF8*$!
{
	archiveVersion = 1;
	classes = {
	};
	objectVersion = 56;
	objects = {

/* Begin PBXBuildFile section */
		B77DD97F2C9B123E00B1AA70 /* AppDelegate.swift in Sources */ = {isa = PBXBuildFile; fileRef = B77DD97E2C9B123E00B1AA70 /* AppDelegate.swift */; };
		B77DD9812C9B123E00B1AA70 /* SceneDelegate.swift in Sources */ = {isa = PBXBuildFile; fileRef = B77DD9802C9B123E00B1AA70 /* SceneDelegate.swift */; };
		B77DD9832C9B123E00B1AA70 /* ViewController.swift in Sources */ = {isa = PBXBuildFile; fileRef = B77DD9822C9B123E00B1AA70 /* ViewController.swift */; };
		B77DD9862C9B123E00B1AA70 /* Base in Resources */ = {isa = PBXBuildFile; fileRef = B77DD9852C9B123E00B1AA70 /* Base */; };
		B77DD9892C9B123E00B1AA70 /* ContactBookProject.xcdatamodeld in Sources */ = {isa = PBXBuildFile; fileRef = B77DD9872C9B123E00B1AA70 /* ContactBookProject.xcdatamodeld */; };
		B77DD98B2C9B124000B1AA70 /* Assets.xcassets in Resources */ = {isa = PBXBuildFile; fileRef = B77DD98A2C9B124000B1AA70 /* Assets.xcassets */; };
		B77DD98E2C9B124000B1AA70 /* Base in Resources */ = {isa = PBXBuildFile; fileRef = B77DD98D2C9B124000B1AA70 /* Base */; };
/* End PBXBuildFile section */

/* Begin PBXFileReference section */
		B77DD97B2C9B123E00B1AA70 /* ContactBookProject.app */ = {isa = PBXFileReference; explicitFileType = wrapper.application; includeInIndex = 0; path = ContactBookProject.app; sourceTree = BUILT_PRODUCTS_DIR; };
		B77DD97E2C9B123E00B1AA70 /* AppDelegate.swift */ = {isa = PBXFileReference; lastKnownFileType = sourcecode.swift; path = AppDelegate.swift; sourceTree = "<group>"; };
		B77DD9802C9B123E00B1AA70 /* SceneDelegate.swift */ = {isa = PBXFileReference; lastKnownFileType = sourcecode.swift; path = SceneDelegate.swift; sourceTree = "<group>"; };
		B77DD9822C9B123E00B1AA70 /* ViewController.swift */ = {isa = PBXFileReference; lastKnownFileType = sourcecode.swift; path = ViewController.swift; sourceTree = "<group>"; };
		B77DD9852C9B123E00B1AA70 /* Base */ = {isa = PBXFileReference; lastKnownFileType = file.storyboard; name = Base; path = Base.lproj/Main.storyboard; sourceTree = "<group>"; };
		B77DD9882C9B123E00B1AA70 /* ContactBookProject.xcdatamodel */ = {isa = PBXFileReference; lastKnownFileType = wrapper.xcdatamodel; path = ContactBookProject.xcdatamodel; sourceTree = "<group>"; };
		B77DD98A2C9B124000B1AA70 /* Assets.xcassets */ = {isa = PBXFileReference; lastKnownFileType = folder.assetcatalog; path = Assets.xcassets; sourceTree = "<group>"; };
		B77DD98D2C9B124000B1AA70 /* Base */ = {isa = PBXFileReference; lastKnownFileType = file.storyboard; name = Base; path = Base.lproj/LaunchScreen.storyboard; sourceTree = "<group>"; };
		B77DD98F2C9B124000B1AA70 /* Info.plist */ = {isa = PBXFileReference; lastKnownFileType = text.plist.xml; path = Info.plist; sourceTree = "<group>"; };
/* End PBXFileReference section */

/* Begin PBXFrameworksBuildPhase section */
		B77DD9782C9B123E00B1AA70 /* Frameworks */ = {
			isa = PBXFrameworksBuildPhase;
			buildActionMask = 2147483647;
			files = (
			);
			runOnlyForDeploymentPostprocessing = 0;
		};
/* End PBXFrameworksBuildPhase section */

/* Begin PBXGroup section */
		B77DD9722C9B123E00B1AA70 = {
			isa = PBXGroup;
			children = (
				B77DD97D2C9B123E00B1AA70 /* ContactBookProject */,
				B77DD97C2C9B123E00B1AA70 /* Products */,
			);
			sourceTree = "<group>";
		};
		B77DD97C2C9B123E00B1AA70 /* Products */ = {
			isa = PBXGroup;
			children = (
				B77DD97B2C9B123E00B1AA70 /* ContactBookProject.app */,
			);
			name = Products;
			sourceTree = "<group>";
		};
		B77DD97D2C9B123E00B1AA70 /* ContactBookProject */ = {
			isa = PBXGroup;
			children = (
				B77DD97E2C9B123E00B1AA70 /* AppDelegate.swift */,
				B77DD9802C9B123E00B1AA70 /* SceneDelegate.swift */,
				B77DD9822C9B123E00B1AA70 /* ViewController.swift */,
				B77DD9842C9B123E00B1AA70 /* Main.storyboard */,
				B77DD98A2C9B124000B1AA70 /* Assets.xcassets */,
				B77DD98C2C9B124000B1AA70 /* LaunchScreen.storyboard */,
				B77DD98F2C9B124000B1AA70 /* Info.plist */,
				B77DD9872C9B123E00B1AA70 /* ContactBookProject.xcdatamodeld */,
			);
			path = ContactBookProject;
			sourceTree = "<group>";
		};
/* End PBXGroup section */

/* Begin PBXNativeTarget section */
		B77DD97A2C9B123E00B1AA70 /* ContactBookProject */ = {
			isa = PBXNativeTarget;
			buildConfigurationList = B77DD9922C9B124000B1AA70 /* Build configuration list for PBXNativeTarget "ContactBookProject" */;
			buildPhases = (
				B77DD9772C9B123E00B1AA70 /* Sources */,
				B77DD9782C9B123E00B1AA70 /* Frameworks */,
				B77DD9792C9B123E00B1AA70 /* Resources */,
			);
			buildRules = (
			);
			dependencies = (
			);
			name = ContactBookProject;
			productName = ContactBookProject;
			productReference = B77DD97B2C9B123E00B1AA70 /* ContactBookProject.app */;
			productType = "com.apple.product-type.application";
		};
/* End PBXNativeTarget section */

/* Begin PBXProject section */
		B77DD9732C9B123E00B1AA70 /* Project object */ = {
			isa = PBXProject;
			attributes = {
				BuildIndependentTargetsInParallel = 1;
				LastSwiftUpdateCheck = 1540;
				LastUpgradeCheck = 1540;
				TargetAttributes = {
					B77DD97A2C9B123E00B1AA70 = {
						CreatedOnToolsVersion = 15.4;
					};
				};
			};
			buildConfigurationList = B77DD9762C9B123E00B1AA70 /* Build configuration list for PBXProject "ContactBookProject" */;
			compatibilityVersion = "Xcode 14.0";
			developmentRegion = en;
			hasScannedForEncodings = 0;
			knownRegions = (
				en,
				Base,
			);
			mainGroup = B77DD9722C9B123E00B1AA70;
			productRefGroup = B77DD97C2C9B123E00B1AA70 /* Products */;
			projectDirPath = "";
			projectRoot = "";
			targets = (
				B77DD97A2C9B123E00B1AA70 /* ContactBookProject */,
			);
		};
/* End PBXProject section */

/* Begin PBXResourcesBuildPhase section */
		B77DD9792C9B123E00B1AA70 /* Resources */ = {
			isa = PBXResourcesBuildPhase;
			buildActionMask = 2147483647;
			files = (
				B77DD98B2C9B124000B1AA70 /* Assets.xcassets in Resources */,
				B77DD98E2C9B124000B1AA70 /* Base in Resources */,
				B77DD9862C9B123E00B1AA70 /* Base in Resources */,
			);
			runOnlyForDeploymentPostprocessing = 0;
		};
/* End PBXResourcesBuildPhase section */

/* Begin PBXSourcesBuildPhase section */
		B77DD9772C9B123E00B1AA70 /* Sources */ = {
			isa = PBXSourcesBuildPhase;
			buildActionMask = 2147483647;
			files = (
				B77DD9832C9B123E00B1AA70 /* ViewController.swift in Sources */,
				B77DD9892C9B123E00B1AA70 /* ContactBookProject.xcdatamodeld in Sources */,
				B77DD97F2C9B123E00B1AA70 /* AppDelegate.swift in Sources */,
				B77DD9812C9B123E00B1AA70 /* SceneDelegate.swift in Sources */,
			);
			runOnlyForDeploymentPostprocessing = 0;
		};
/* End PBXSourcesBuildPhase section */

/* Begin PBXVariantGroup section */
		B77DD9842C9B123E00B1AA70 /* Main.storyboard */ = {
			isa = PBXVariantGroup;
			children = (
				B77DD9852C9B123E00B1AA70 /* Base */,
			);
			name = Main.storyboard;
			sourceTree = "<group>";
		};
		B77DD98C2C9B124000B1AA70 /* LaunchScreen.storyboard */ = {
			isa = PBXVariantGroup;
			children = (
				B77DD98D2C9B124000B1AA70 /* Base */,
			);
			name = LaunchScreen.storyboard;
			sourceTree = "<group>";
		};
/* End PBXVariantGroup section */

/* Begin XCBuildConfiguration section */
		B77DD9902C9B124000B1AA70 /* Debug */ = {
			isa = XCBuildConfiguration;
			buildSettings = {
				ALWAYS_SEARCH_USER_PATHS = NO;
				ASSETCATALOG_COMPILER_GENERATE_SWIFT_ASSET_SYMBOL_EXTENSIONS = YES;
				CLANG_ANALYZER_NONNULL = YES;
				CLANG_ANALYZER_NUMBER_OBJECT_CONVERSION = YES_AGGRESSIVE;
				CLANG_CXX_LANGUAGE_STANDARD = "gnu++20";
				CLANG_ENABLE_MODULES = YES;
				CLANG_ENABLE_OBJC_ARC = YES;
				CLANG_ENABLE_OBJC_WEAK = YES;
				CLANG_WARN_BLOCK_CAPTURE_AUTORELEASING = YES;
				CLANG_WARN_BOOL_CONVERSION = YES;
				CLANG_WARN_COMMA = YES;
				CLANG_WARN_CONSTANT_CONVERSION = YES;
				CLANG_WARN_DEPRECATED_OBJC_IMPLEMENTATIONS = YES;
				CLANG_WARN_DIRECT_OBJC_ISA_USAGE = YES_ERROR;
				CLANG_WARN_DOCUMENTATION_COMMENTS = YES;
				CLANG_WARN_EMPTY_BODY = YES;
				CLANG_WARN_ENUM_CONVERSION = YES;
				CLANG_WARN_INFINITE_RECURSION = YES;
				CLANG_WARN_INT_CONVERSION = YES;
				CLANG_WARN_NON_LITERAL_NULL_CONVERSION = YES;
				CLANG_WARN_OBJC_IMPLICIT_RETAIN_SELF = YES;
				CLANG_WARN_OBJC_LITERAL_CONVERSION = YES;
				CLANG_WARN_OBJC_ROOT_CLASS = YES_ERROR;
				CLANG_WARN_QUOTED_INCLUDE_IN_FRAMEWORK_HEADER = YES;
				CLANG_WARN_RANGE_LOOP_ANALYSIS = YES;
				CLANG_WARN_STRICT_PROTOTYPES = YES;
				CLANG_WARN_SUSPICIOUS_MOVE = YES;
				CLANG_WARN_UNGUARDED_AVAILABILITY = YES_AGGRESSIVE;
				CLANG_WARN_UNREACHABLE_CODE = YES;
				CLANG_WARN__DUPLICATE_METHOD_MATCH = YES;
				COPY_PHASE_STRIP = NO;
				DEBUG_INFORMATION_FORMAT = dwarf;
				ENABLE_STRICT_OBJC_MSGSEND = YES;
				ENABLE_TESTABILITY = YES;
				ENABLE_USER_SCRIPT_SANDBOXING = YES;
				GCC_C_LANGUAGE_STANDARD = gnu17;
				GCC_DYNAMIC_NO_PIC = NO;
				GCC_NO_COMMON_BLOCKS = YES;
				GCC_OPTIMIZATION_LEVEL = 0;
				GCC_PREPROCESSOR_DEFINITIONS = (
					"DEBUG=1",
					"$(inherited)",
				);
				GCC_WARN_64_TO_32_BIT_CONVERSION = YES;
				GCC_WARN_ABOUT_RETURN_TYPE = YES_ERROR;
				GCC_WARN_UNDECLARED_SELECTOR = YES;
				GCC_WARN_UNINITIALIZED_AUTOS = YES_AGGRESSIVE;
				GCC_WARN_UNUSED_FUNCTION = YES;
				GCC_WARN_UNUSED_VARIABLE = YES;
				IPHONEOS_DEPLOYMENT_TARGET = 17.5;
				LOCALIZATION_PREFERS_STRING_CATALOGS = YES;
				MTL_ENABLE_DEBUG_INFO = INCLUDE_SOURCE;
				MTL_FAST_MATH = YES;
				ONLY_ACTIVE_ARCH = YES;
				SDKROOT = iphoneos;
				SWIFT_ACTIVE_COMPILATION_CONDITIONS = "DEBUG $(inherited)";
				SWIFT_OPTIMIZATION_LEVEL = "-Onone";
			};
			name = Debug;
		};
		B77DD9912C9B124000B1AA70 /* Release */ = {
			isa = XCBuildConfiguration;
			buildSettings = {
				ALWAYS_SEARCH_USER_PATHS = NO;
				ASSETCATALOG_COMPILER_GENERATE_SWIFT_ASSET_SYMBOL_EXTENSIONS = YES;
				CLANG_ANALYZER_NONNULL = YES;
				CLANG_ANALYZER_NUMBER_OBJECT_CONVERSION = YES_AGGRESSIVE;
				CLANG_CXX_LANGUAGE_STANDARD = "gnu++20";
				CLANG_ENABLE_MODULES = YES;
				CLANG_ENABLE_OBJC_ARC = YES;
				CLANG_ENABLE_OBJC_WEAK = YES;
				CLANG_WARN_BLOCK_CAPTURE_AUTORELEASING = YES;
				CLANG_WARN_BOOL_CONVERSION = YES;
				CLANG_WARN_COMMA = YES;
				CLANG_WARN_CONSTANT_CONVERSION = YES;
				CLANG_WARN_DEPRECATED_OBJC_IMPLEMENTATIONS = YES;
				CLANG_WARN_DIRECT_OBJC_ISA_USAGE = YES_ERROR;
				CLANG_WARN_DOCUMENTATION_COMMENTS = YES;
				CLANG_WARN_EMPTY_BODY = YES;
				CLANG_WARN_ENUM_CONVERSION = YES;
				CLANG_WARN_INFINITE_RECURSION = YES;
				CLANG_WARN_INT_CONVERSION = YES;
				CLANG_WARN_NON_LITERAL_NULL_CONVERSION = YES;
				CLANG_WARN_OBJC_IMPLICIT_RETAIN_SELF = YES;
				CLANG_WARN_OBJC_LITERAL_CONVERSION = YES;
				CLANG_WARN_OBJC_ROOT_CLASS = YES_ERROR;
				CLANG_WARN_QUOTED_INCLUDE_IN_FRAMEWORK_HEADER = YES;
				CLANG_WARN_RANGE_LOOP_ANALYSIS = YES;
				CLANG_WARN_STRICT_PROTOTYPES = YES;
				CLANG_WARN_SUSPICIOUS_MOVE = YES;
				CLANG_WARN_UNGUARDED_AVAILABILITY = YES_AGGRESSIVE;
				CLANG_WARN_UNREACHABLE_CODE = YES;
				CLANG_WARN__DUPLICATE_METHOD_MATCH = YES;
				COPY_PHASE_STRIP = NO;
				DEBUG_INFORMATION_FORMAT = "dwarf-with-dsym";
				ENABLE_NS_ASSERTIONS = NO;
				ENABLE_STRICT_OBJC_MSGSEND = YES;
				ENABLE_USER_SCRIPT_SANDBOXING = YES;
				GCC_C_LANGUAGE_STANDARD = gnu17;
				GCC_NO_COMMON_BLOCKS = YES;
				GCC_WARN_64_TO_32_BIT_CONVERSION = YES;
				GCC_WARN_ABOUT_RETURN_TYPE = YES_ERROR;
				GCC_WARN_UNDECLARED_SELECTOR = YES;
				GCC_WARN_UNINITIALIZED_AUTOS = YES_AGGRESSIVE;
				GCC_WARN_UNUSED_FUNCTION = YES;
				GCC_WARN_UNUSED_VARIABLE = YES;
				IPHONEOS_DEPLOYMENT_TARGET = 17.5;
				LOCALIZATION_PREFERS_STRING_CATALOGS = YES;
				MTL_ENABLE_DEBUG_INFO = NO;
				MTL_FAST_MATH = YES;
				SDKROOT = iphoneos;
				SWIFT_COMPILATION_MODE = wholemodule;
				VALIDATE_PRODUCT = YES;
			};
			name = Release;
		};
		B77DD9932C9B124000B1AA70 /* Debug */ = {
			isa = XCBuildConfiguration;
			buildSettings = {
				ASSETCATALOG_COMPILER_APPICON_NAME = AppIcon;
				ASSETCATALOG_COMPILER_GLOBAL_ACCENT_COLOR_NAME = AccentColor;
				CODE_SIGN_STYLE = Automatic;
				CURRENT_PROJECT_VERSION = 1;
				DEVELOPMENT_TEAM = NCA8L6HH3B;
				GENERATE_INFOPLIST_FILE = YES;
				INFOPLIST_FILE = ContactBookProject/Info.plist;
				INFOPLIST_KEY_UIApplicationSupportsIndirectInputEvents = YES;
				INFOPLIST_KEY_UILaunchStoryboardName = LaunchScreen;
				INFOPLIST_KEY_UIMainStoryboardFile = Main;
				INFOPLIST_KEY_UISupportedInterfaceOrientations_iPad = "UIInterfaceOrientationPortrait UIInterfaceOrientationPortraitUpsideDown UIInterfaceOrientationLandscapeLeft UIInterfaceOrientationLandscapeRight";
				INFOPLIST_KEY_UISupportedInterfaceOrientations_iPhone = "UIInterfaceOrientationPortrait UIInterfaceOrientationLandscapeLeft UIInterfaceOrientationLandscapeRight";
				LD_RUNPATH_SEARCH_PATHS = (
					"$(inherited)",
					"@executable_path/Frameworks",
				);
				MARKETING_VERSION = 1.0;
				PRODUCT_BUNDLE_IDENTIFIER = com.carstenstarke.ContactBookProject;
				PRODUCT_NAME = "$(TARGET_NAME)";
				SWIFT_EMIT_LOC_STRINGS = YES;
				SWIFT_VERSION = 5.0;
				TARGETED_DEVICE_FAMILY = "1,2";
			};
			name = Debug;
		};
		B77DD9942C9B124000B1AA70 /* Release */ = {
			isa = XCBuildConfiguration;
			buildSettings = {
				ASSETCATALOG_COMPILER_APPICON_NAME = AppIcon;
				ASSETCATALOG_COMPILER_GLOBAL_ACCENT_COLOR_NAME = AccentColor;
				CODE_SIGN_STYLE = Automatic;
				CURRENT_PROJECT_VERSION = 1;
				DEVELOPMENT_TEAM = NCA8L6HH3B;
				GENERATE_INFOPLIST_FILE = YES;
				INFOPLIST_FILE = ContactBookProject/Info.plist;
				INFOPLIST_KEY_UIApplicationSupportsIndirectInputEvents = YES;
				INFOPLIST_KEY_UILaunchStoryboardName = LaunchScreen;
				INFOPLIST_KEY_UIMainStoryboardFile = Main;
				INFOPLIST_KEY_UISupportedInterfaceOrientations_iPad = "UIInterfaceOrientationPortrait UIInterfaceOrientationPortraitUpsideDown UIInterfaceOrientationLandscapeLeft UIInterfaceOrientationLandscapeRight";
				INFOPLIST_KEY_UISupportedInterfaceOrientations_iPhone = "UIInterfaceOrientationPortrait UIInterfaceOrientationLandscapeLeft UIInterfaceOrientationLandscapeRight";
				LD_RUNPATH_SEARCH_PATHS = (
					"$(inherited)",
					"@executable_path/Frameworks",
				);
				MARKETING_VERSION = 1.0;
				PRODUCT_BUNDLE_IDENTIFIER = com.carstenstarke.ContactBookProject;
				PRODUCT_NAME = "$(TARGET_NAME)";
				SWIFT_EMIT_LOC_STRINGS = YES;
				SWIFT_VERSION = 5.0;
				TARGETED_DEVICE_FAMILY = "1,2";
			};
			name = Release;
		};
/* End XCBuildConfiguration section */

/* Begin XCConfigurationList section */
		B77DD9762C9B123E00B1AA70 /* Build configuration list for PBXProject "ContactBookProject" */ = {
			isa = XCConfigurationList;
			buildConfigurations = (
				B77DD9902C9B124000B1AA70 /* Debug */,
				B77DD9912C9B124000B1AA70 /* Release */,
			);
			defaultConfigurationIsVisible = 0;
			defaultConfigurationName = Release;
		};
		B77DD9922C9B124000B1AA70 /* Build configuration list for PBXNativeTarget "ContactBookProject" */ = {
			isa = XCConfigurationList;
			buildConfigurations = (
				B77DD9932C9B124000B1AA70 /* Debug */,
				B77DD9942C9B124000B1AA70 /* Release */,
			);
			defaultConfigurationIsVisible = 0;
			defaultConfigurationName = Release;
		};
/* End XCConfigurationList section */

/* Begin XCVersionGroup section */
		B77DD9872C9B123E00B1AA70 /* ContactBookProject.xcdatamodeld */ = {
			isa = XCVersionGroup;
			children = (
				B77DD9882C9B123E00B1AA70 /* ContactBookProject.xcdatamodel */,
			);
			currentVersion = B77DD9882C9B123E00B1AA70 /* ContactBookProject.xcdatamodel */;
			path = ContactBookProject.xcdatamodeld;
			sourceTree = "<group>";
			versionGroupType = wrapper.xcdatamodel;
		};
/* End XCVersionGroup section */
	};
	rootObject = B77DD9732C9B123E00B1AA70 /* Project object */;
}
